
Microsoft Visual Studio Solution File, Format Version 12.00
# Visual Studio Version 17
VisualStudioVersion = 17.0.31423.177
MinimumVisualStudioVersion = 10.0.40219.1
Project("{9A19103F-16F7-4668-BE54-9A1E7A4F7556}") = "C101A.Mvc.Web", "C101A.Mvc.Web\C101A.Mvc.Web.csproj", "{5BA7BC70-34B4-441D-A543-35159779CB9B}"
EndProject
Global
	GlobalSection(SolutionConfigurationPlatforms) = preSolution
		Debug|Any CPU = Debug|Any CPU
		Release|Any CPU = Release|Any CPU
	EndGlobalSection
	GlobalSection(ProjectConfigurationPlatforms) = postSolution
		{5BA7BC70-34B4-441D-A543-35159779CB9B}.Debug|Any CPU.ActiveCfg = Debug|Any CPU
		{5BA7BC70-34B4-441D-A543-35159779CB9B}.Debug|Any CPU.Build.0 = Debug|Any CPU
		{5BA7BC70-34B4-441D-A543-35159779CB9B}.Release|Any CPU.ActiveCfg = Release|Any CPU
		{5BA7BC70-34B4-441D-A543-35159779CB9B}.Release|Any CPU.Build.0 = Release|Any CPU
	EndGlobalSection
	GlobalSection(SolutionProperties) = preSolution
		HideSolutionNode = FALSE
	EndGlobalSection
	GlobalSection(ExtensibilityGlobals) = postSolution
		SolutionGuid = {6B57E241-86D6-41F6-BC2E-C6778D57E9AF}
	EndGlobalSection
EndGlobal
